
Microsoft Visual Studio Solution File, Format Version 12.00
# Visual Studio Version 16
VisualStudioVersion = 16.0.30804.86
MinimumVisualStudioVersion = 10.0.40219.1
Project("{FAE04EC0-301F-11D3-BF4B-00C04F79EFBC}") = "Spice", "Spice\Spice.csproj", "{4CA0D746-A62E-4881-8CCC-633C2B96AFCC}"
EndProject
Global
	GlobalSection(SolutionConfigurationPlatforms) = preSolution
		Debug|Any CPU = Debug|Any CPU
		Release|Any CPU = Release|Any CPU
	EndGlobalSection
	GlobalSection(ProjectConfigurationPlatforms) = postSolution
		{4CA0D746-A62E-4881-8CCC-633C2B96AFCC}.Debug|Any CPU.ActiveCfg = Debug|Any CPU
		{4CA0D746-A62E-4881-8CCC-633C2B96AFCC}.Debug|Any CPU.Build.0 = Debug|Any CPU
		{4CA0D746-A62E-4881-8CCC-633C2B96AFCC}.Release|Any CPU.ActiveCfg = Release|Any CPU
		{4CA0D746-A62E-4881-8CCC-633C2B96AFCC}.Release|Any CPU.Build.0 = Release|Any CPU
	EndGlobalSection
	GlobalSection(SolutionProperties) = preSolution
		HideSolutionNode = FALSE
	EndGlobalSection
	GlobalSection(ExtensibilityGlobals) = postSolution
		SolutionGuid = {BD1AC3FB-8144-4E71-B12C-E6A4389FB521}
	EndGlobalSection
EndGlobal
